
Microsoft Visual Studio Solution File, Format Version 12.00
# Visual Studio Version 17
VisualStudioVersion = 17.7.34024.191
MinimumVisualStudioVersion = 10.0.40219.1
Project("{9A19103F-16F7-4668-BE54-9A1E7A4F7556}") = "Storage", "Storage\Storage.csproj", "{1DFBB31D-17D7-4429-A031-4679711CEE60}"
EndProject
Global
	GlobalSection(SolutionConfigurationPlatforms) = preSolution
		Debug|Any CPU = Debug|Any CPU
		Release|Any CPU = Release|Any CPU
	EndGlobalSection
	GlobalSection(ProjectConfigurationPlatforms) = postSolution
		{1DFBB31D-17D7-4429-A031-4679711CEE60}.Debug|Any CPU.ActiveCfg = Debug|Any CPU
		{1DFBB31D-17D7-4429-A031-4679711CEE60}.Debug|Any CPU.Build.0 = Debug|Any CPU
		{1DFBB31D-17D7-4429-A031-4679711CEE60}.Release|Any CPU.ActiveCfg = Release|Any CPU
		{1DFBB31D-17D7-4429-A031-4679711CEE60}.Release|Any CPU.Build.0 = Release|Any CPU
	EndGlobalSection
	GlobalSection(SolutionProperties) = preSolution
		HideSolutionNode = FALSE
	EndGlobalSection
	GlobalSection(ExtensibilityGlobals) = postSolution
		SolutionGuid = {79078E02-4AFE-45DC-AA7D-1F433ACAD26E}
	EndGlobalSection
EndGlobal
